<?xml version="1.0" encoding="utf-8"?>
<Project ToolsVersion="4.0" xmlns="http://schemas.microsoft.com/developer/msbuild/2003">
  <ItemGroup>
    <Filter Include="ソース ファイル">
      <UniqueIdentifier>{4FC737F1-C7A5-4376-A066-2A32D752A2FF}</UniqueIdentifier>
      <Extensions>cpp;c;cc;cxx;c++;cppm;ixx;def;odl;idl;hpj;bat;asm;asmx</Extensions>
    </Filter>
    <Filter Include="ヘッダー ファイル">
      <UniqueIdentifier>{93995380-89BD-4b04-88EB-625FBE52EBFB}</UniqueIdentifier>
      <Extensions>h;hh;hpp;hxx;h++;hm;inl;inc;ipp;xsd</Extensions>
    </Filter>
    <Filter Include="リソース ファイル">
      <UniqueIdentifier>{67DA6AB6-F800-4c08-8B7A-83BB121AAD01}</UniqueIdentifier>
      <Extensions>rc;ico;cur;bmp;dlg;rc2;rct;bin;rgs;gif;jpg;jpeg;jpe;resx;tiff;tif;png;wav;mfcribbon-ms</Extensions>
    </Filter>
    <Filter Include="シェーダー ファイル">
      <UniqueIdentifier>{718c7f4c-fc51-40ad-a221-b9456a7a1a3c}</UniqueIdentifier>
    </Filter>
    <Filter Include="efect">
      <UniqueIdentifier>{e8b41a68-833c-4349-9203-50687dbb17c5}</UniqueIdentifier>
    </Filter>
    <Filter Include="game">
      <UniqueIdentifier>{5bccfee2-3045-4939-af92-750bb6e96da6}</UniqueIdentifier>
    </Filter>
    <Filter Include="game\system">
      <UniqueIdentifier>{613d13d2-82cf-47c1-a3d2-716df891ec14}</UniqueIdentifier>
    </Filter>
  </ItemGroup>
  <ItemGroup>
    <ClCompile Include="main.cpp">
      <Filter>ソース ファイル</Filter>
    </ClCompile>
    <ClCompile Include="GAME\Enemy.cpp">
      <Filter>ソース ファイル</Filter>
    </ClCompile>
    <ClCompile Include="GAME\Gaid.cpp">
      <Filter>ソース ファイル</Filter>
    </ClCompile>
    <ClCompile Include="GAME\Goal.cpp">
      <Filter>ソース ファイル</Filter>
    </ClCompile>
    <ClCompile Include="GAME\Player.cpp">
      <Filter>ソース ファイル</Filter>
    </ClCompile>
    <ClCompile Include="GAME\Skydome.cpp">
      <Filter>ソース ファイル</Filter>
    </ClCompile>
    <ClCompile Include="GAME\Fade.cpp">
      <Filter>efect</Filter>
    </ClCompile>
    <ClCompile Include="GAME\HitEffect.cpp">
      <Filter>efect</Filter>
    </ClCompile>
    <ClCompile Include="GAME\CameraController.cpp">
      <Filter>efect</Filter>
    </ClCompile>
    <ClCompile Include="GAME\DeathParticles.cpp">
      <Filter>efect</Filter>
    </ClCompile>
    <ClCompile Include="GAME\worldT.cpp">
      <Filter>game\system</Filter>
    </ClCompile>
    <ClCompile Include="GAME\GameScene.cpp">
      <Filter>game\system</Filter>
    </ClCompile>
    <ClCompile Include="GAME\MapchipField.cpp">
      <Filter>game\system</Filter>
    </ClCompile>
    <ClCompile Include="GAME\MapCollider.cpp">
      <Filter>game\system</Filter>
    </ClCompile>
    <ClCompile Include="GAME\MassFunction.cpp">
      <Filter>game\system</Filter>
    </ClCompile>
    <ClCompile Include="PauseMenu.cpp">
      <Filter>game\system</Filter>
    </ClCompile>
    <ClCompile Include="GAME\SceneManager.cpp">
      <Filter>game\system</Filter>
    </ClCompile>
    <ClCompile Include="StageManager.cpp">
      <Filter>game\system</Filter>
    </ClCompile>
    <ClCompile Include="GAME\TitleScene.cpp">
      <Filter>game\system</Filter>
    </ClCompile>
    <ClCompile Include="GAME\StageSelectScene.cpp">
      <Filter>game\system</Filter>
    </ClCompile>
    <ClCompile Include="ResultMenu.cpp">
      <Filter>ソース ファイル</Filter>
    </ClCompile>
  </ItemGroup>
  <ItemGroup>
    <FxCompile Include="Resources\shaders\SpritePS.hlsl">
      <Filter>シェーダー ファイル</Filter>
    </FxCompile>
    <FxCompile Include="Resources\shaders\SpriteVS.hlsl">
      <Filter>シェーダー ファイル</Filter>
    </FxCompile>
    <FxCompile Include="Resources\shaders\ShapeVS.hlsl">
      <Filter>シェーダー ファイル</Filter>
    </FxCompile>
    <FxCompile Include="Resources\shaders\ShapePS.hlsl">
      <Filter>シェーダー ファイル</Filter>
    </FxCompile>
    <FxCompile Include="Resources\shaders\ObjPS.hlsl">
      <Filter>シェーダー ファイル</Filter>
    </FxCompile>
    <FxCompile Include="Resources\shaders\ObjVS.hlsl">
      <Filter>シェーダー ファイル</Filter>
    </FxCompile>
    <FxCompile Include="Resources\shaders\PrimitivePS.hlsl">
      <Filter>シェーダー ファイル</Filter>
    </FxCompile>
    <FxCompile Include="Resources\shaders\PrimitiveVS.hlsl">
      <Filter>シェーダー ファイル</Filter>
    </FxCompile>
    <FxCompile Include="Resources\shaders\TerrainPS.hlsl">
      <Filter>シェーダー ファイル</Filter>
    </FxCompile>
    <FxCompile Include="Resources\shaders\TerrainVS.hlsl">
      <Filter>シェーダー ファイル</Filter>
    </FxCompile>
  </ItemGroup>
  <ItemGroup>
    <None Include="Resources\shaders\Sprite.hlsli">
      <Filter>シェーダー ファイル</Filter>
    </None>
    <None Include="Resources\shaders\Shape.hlsli">
      <Filter>シェーダー ファイル</Filter>
    </None>
    <None Include="Resources\shaders\Obj.hlsli">
      <Filter>シェーダー ファイル</Filter>
    </None>
    <None Include="Resources\shaders\Primitive.hlsli">
      <Filter>シェーダー ファイル</Filter>
    </None>
    <None Include="Resources\shaders\Terrain.hlsli">
      <Filter>シェーダー ファイル</Filter>
    </None>
    <None Include="Resources\Stage\field1.csv">
      <Filter>リソース ファイル</Filter>
    </None>
    <None Include="Resources\Stage\blocks2.csv">
      <Filter>リソース ファイル</Filter>
    </None>
    <None Include="Resources\Stage\stageDatas.csv">
      <Filter>リソース ファイル</Filter>
    </None>
  </ItemGroup>
  <ItemGroup>
    <ClInclude Include="GAME\Enemy.h">
      <Filter>ヘッダー ファイル</Filter>
    </ClInclude>
    <ClInclude Include="GAME\Gaid.h">
      <Filter>ヘッダー ファイル</Filter>
    </ClInclude>
    <ClInclude Include="GAME\Goal.h">
      <Filter>ヘッダー ファイル</Filter>
    </ClInclude>
    <ClInclude Include="GAME\Player.h">
      <Filter>ヘッダー ファイル</Filter>
    </ClInclude>
    <ClInclude Include="GAME\Skydome.h">
      <Filter>ヘッダー ファイル</Filter>
    </ClInclude>
    <ClInclude Include="GAME\DeathParticles.h">
      <Filter>efect</Filter>
    </ClInclude>
    <ClInclude Include="GAME\CameraController.h">
      <Filter>efect</Filter>
    </ClInclude>
    <ClInclude Include="GAME\Fade.h">
      <Filter>efect</Filter>
    </ClInclude>
    <ClInclude Include="GAME\HitEffect.h">
      <Filter>efect</Filter>
    </ClInclude>
    <ClInclude Include="GAME\GameScene.h">
      <Filter>game\system</Filter>
    </ClInclude>
    <ClInclude Include="GAME\IScene.h">
      <Filter>game\system</Filter>
    </ClInclude>
    <ClInclude Include="GAME\MapchipField.h">
      <Filter>game\system</Filter>
    </ClInclude>
    <ClInclude Include="GAME\MapCollider.h">
      <Filter>game\system</Filter>
    </ClInclude>
    <ClInclude Include="GAME\MassFunction.h">
      <Filter>game\system</Filter>
    </ClInclude>
    <ClInclude Include="PauseMenu.h">
      <Filter>game\system</Filter>
    </ClInclude>
    <ClInclude Include="GAME\SceneManager.h">
      <Filter>game\system</Filter>
    </ClInclude>
    <ClInclude Include="StageManager.h">
      <Filter>game\system</Filter>
    </ClInclude>
    <ClInclude Include="GAME\StageSelectScene.h">
      <Filter>game\system</Filter>
    </ClInclude>
    <ClInclude Include="GAME\TitleScene.h">
      <Filter>game\system</Filter>
    </ClInclude>
    <ClInclude Include="GAME\worldT.h">
      <Filter>game\system</Filter>
    </ClInclude>
    <ClInclude Include="ResultMenu.h">
      <Filter>ヘッダー ファイル</Filter>
    </ClInclude>
  </ItemGroup>
</Project>